
Microsoft Visual Studio Solution File, Format Version 12.00
# Visual Studio Version 16
VisualStudioVersion = 16.0.31515.178
MinimumVisualStudioVersion = 10.0.40219.1
Project("{FAE04EC0-301F-11D3-BF4B-00C04F79EFBC}") = "YandexMapParser", "YandexMapParser\YandexMapParser.csproj", "{A5D37E5B-BAB0-4249-8FED-6FDD98F27E14}"
EndProject
Global
	GlobalSection(SolutionConfigurationPlatforms) = preSolution
		Debug|Any CPU = Debug|Any CPU
		Release|Any CPU = Release|Any CPU
	EndGlobalSection
	GlobalSection(ProjectConfigurationPlatforms) = postSolution
		{A5D37E5B-BAB0-4249-8FED-6FDD98F27E14}.Debug|Any CPU.ActiveCfg = Debug|Any CPU
		{A5D37E5B-BAB0-4249-8FED-6FDD98F27E14}.Debug|Any CPU.Build.0 = Debug|Any CPU
		{A5D37E5B-BAB0-4249-8FED-6FDD98F27E14}.Release|Any CPU.ActiveCfg = Release|Any CPU
		{A5D37E5B-BAB0-4249-8FED-6FDD98F27E14}.Release|Any CPU.Build.0 = Release|Any CPU
	EndGlobalSection
	GlobalSection(SolutionProperties) = preSolution
		HideSolutionNode = FALSE
	EndGlobalSection
	GlobalSection(ExtensibilityGlobals) = postSolution
		SolutionGuid = {D9C21D69-947F-4AB7-B5BC-84CA0CE2204B}
	EndGlobalSection
EndGlobal
